{
  "nodes": {
    "fenix": {
      "inputs": {
        "nixpkgs": [
          "nixpkgs"
        ],
        "rust-analyzer-src": "rust-analyzer-src"
      },
      "locked": {
        "lastModified": 1713853552,
        "narHash": "sha256-OOXi+9cSbst7Crah6UVxHe33O6HK91WgD2yU/p5/dqs=",
        "owner": "nix-community",
        "repo": "fenix",
        "rev": "d596927635ddd8db224bbff6e4ccb08e42649eb5",
        "type": "github"
      },
      "original": {
        "owner": "nix-community",
        "repo": "fenix",
        "type": "github"
      }
    },
    "iris": {
      "flake": false,
      "locked": {
        "lastModified": 1701856455,
        "narHash": "sha256-yPxu3wttaklGhrNbZqtqAi/+AvScV8hoYWqbt4aa+KA=",
        "owner": "worldcoin",
        "repo": "iris",
        "rev": "726540ee7e90bd4517ddb83cf2bfc1d30a9b653e",
        "type": "github"
      },
      "original": {
        "owner": "worldcoin",
        "ref": "v1.6.1",
        "repo": "iris",
        "type": "github"
      }
    },
    "nixpkgs": {
      "locked": {
        "lastModified": 1713725259,
        "narHash": "sha256-9ZR/Rbx5/Z/JZf5ehVNMoz/s5xjpP0a22tL6qNvLt5E=",
        "owner": "NixOS",
        "repo": "nixpkgs",
        "rev": "a5e4bbcb4780c63c79c87d29ea409abf097de3f7",
        "type": "github"
      },
      "original": {
        "id": "nixpkgs",
        "ref": "nixos-23.11",
        "type": "indirect"
      }
    },
    "nixpkgs-24_05": {
      "locked": {
        "lastModified": 1728740863,
        "narHash": "sha256-u+rxA79a0lyhG+u+oPBRtTDtzz8kvkc9a6SWSt9ekVc=",
        "owner": "NixOS",
        "repo": "nixpkgs",
        "rev": "a3f9ad65a0bf298ed5847629a57808b97e6e8077",
        "type": "github"
      },
      "original": {
        "owner": "NixOS",
        "ref": "nixos-24.05",
        "repo": "nixpkgs",
        "type": "github"
      }
    },
    "nixpkgs-old": {
      "flake": false,
      "locked": {
        "lastModified": 1635350005,
        "narHash": "sha256-tAMJnUwfaDEB2aa31jGcu7R7bzGELM9noc91L2PbVjg=",
        "owner": "NixOS",
        "repo": "nixpkgs",
        "rev": "1c1f5649bb9c1b0d98637c8c365228f57126f361",
        "type": "github"
      },
      "original": {
        "id": "nixpkgs",
        "ref": "nixos-20.09",
        "type": "indirect"
      }
    },
    "rgb-net": {
      "flake": false,
      "locked": {
        "lastModified": 1696600311,
        "narHash": "sha256-hd6m1GzloG9q5A8SDPGrPD4eHpuir/47DJUp7Y9zre4=",
        "owner": "worldcoin",
        "repo": "rgb-net",
        "rev": "e0a6fe02ff942377659b0a61766b55c9dd687c08",
        "type": "github"
      },
      "original": {
        "owner": "worldcoin",
        "ref": "v2.0.2",
        "repo": "rgb-net",
        "type": "github"
      }
    },
    "root": {
      "inputs": {
        "fenix": "fenix",
        "iris": "iris",
        "nixpkgs": "nixpkgs",
        "nixpkgs-24_05": "nixpkgs-24_05",
        "nixpkgs-old": "nixpkgs-old",
        "rgb-net": "rgb-net",
        "royaleSdk": "royaleSdk",
        "seekSdk": "seekSdk",
        "utils": "utils"
      }
    },
    "royaleSdk": {
      "flake": false,
      "locked": {
        "lastModified": 1714472198,
        "narHash": "sha256-EfxCAo7qZrI+xuNl/qZ3hjpF3tZw4hsyKB+9YcvT+t8=",
        "owner": "worldcoin",
        "repo": "royale-sdk-worldcoin",
        "rev": "d69770be0bb3280f94b2b8ebf259bd3eaf4e1149",
        "type": "github"
      },
      "original": {
        "owner": "worldcoin",
        "repo": "royale-sdk-worldcoin",
        "type": "github"
      }
    },
    "rust-analyzer-src": {
      "flake": false,
      "locked": {
        "lastModified": 1713801366,
        "narHash": "sha256-VmzP5s59kb6//mj+ES+hslTLuugjd7OluGIXXcwuyHg=",
        "owner": "rust-lang",
        "repo": "rust-analyzer",
        "rev": "e31c9f3fe11148514c3ad254b639b2ed7dbe35de",
        "type": "github"
      },
      "original": {
        "owner": "rust-lang",
        "ref": "nightly",
        "repo": "rust-analyzer",
        "type": "github"
      }
    },
    "seekSdk": {
      "flake": false,
      "locked": {
        "lastModified": 1660640538,
        "narHash": "sha256-wI/DEP2frWJjGgh2+62E/CfICL/u5BMgbTqGDtqAt2I=",
        "owner": "worldcoin",
        "repo": "seek-thermal-sdk",
        "rev": "b7480e6803d33c59607c0292c4628c4d6de6bbf9",
        "type": "github"
      },
      "original": {
        "owner": "worldcoin",
        "repo": "seek-thermal-sdk",
        "type": "github"
      }
    },
    "systems": {
      "locked": {
        "lastModified": 1681028828,
        "narHash": "sha256-Vy1rq5AaRuLzOxct8nz4T6wlgyUR7zLU309k9mBC768=",
        "owner": "nix-systems",
        "repo": "default",
        "rev": "da67096a3b9bf56a91d16901293e51ba5b49a27e",
        "type": "github"
      },
      "original": {
        "owner": "nix-systems",
        "repo": "default",
        "type": "github"
      }
    },
    "utils": {
      "inputs": {
        "systems": "systems"
      },
      "locked": {
        "lastModified": 1710146030,
        "narHash": "sha256-SZ5L6eA7HJ/nmkzGG7/ISclqe6oZdOZTNoesiInkXPQ=",
        "owner": "numtide",
        "repo": "flake-utils",
        "rev": "b1d9ab70662946ef0850d488da1c9019f3a9752a",
        "type": "github"
      },
      "original": {
        "owner": "numtide",
        "repo": "flake-utils",
        "type": "github"
      }
    }
  },
  "root": "root",
  "version": 7
}
